# THIS IS AN AUTOGENERATED FILE. DO NOT EDIT THIS FILE DIRECTLY.
# yarn lockfile v1


argparse@^1.0.7:
  version "1.0.10"
  resolved "https://registry.npm.taobao.org/argparse/download/argparse-1.0.10.tgz#bcd6791ea5ae09725e17e5ad988134cd40b3d911"
  integrity sha1-vNZ5HqWuCXJeF+WtmIE0zUCz2RE=
  dependencies:
    sprintf-js "~1.0.2"

child_process@^1.0.2:
  version "1.0.2"
  resolved "https://registry.npm.taobao.org/child_process/download/child_process-1.0.2.tgz#b1f7e7fc73d25e7fd1d455adc94e143830182b5a"
  integrity sha1-sffn/HPSXn/R1FWtyU4UODAYK1o=

config@^3.3.1:
  version "3.3.1"
  resolved "https://registry.npm.taobao.org/config/download/config-3.3.1.tgz#b6a70e2908a43b98ed20be7e367edf0cc8ed5a19"
  integrity sha1-tqcOKQikO5jtIL5+Nn7fDMjtWhk=
  dependencies:
    json5 "^2.1.1"

cron-parser@^2.7.3:
  version "2.15.0"
  resolved "https://registry.npm.taobao.org/cron-parser/download/cron-parser-2.15.0.tgz#04803cd51d8efcfcc6f83ac08e60f3f8c40c7ec5"
  integrity sha1-BIA81R2O/PzG+DrAjmDz+MQMfsU=
  dependencies:
    is-nan "^1.3.0"
    moment-timezone "^0.5.31"

define-properties@^1.1.3:
  version "1.1.3"
  resolved "https://registry.npm.taobao.org/define-properties/download/define-properties-1.1.3.tgz#cf88da6cbee26fe6db7094f61d870cbd84cee9f1"
  integrity sha1-z4jabL7ib+bbcJT2HYcMvYTO6fE=
  dependencies:
    object-keys "^1.0.12"

esprima@^4.0.0:
  version "4.0.1"
  resolved "https://registry.npm.taobao.org/esprima/download/esprima-4.0.1.tgz#13b04cdb3e6c5d19df91ab6987a8695619b0aa71"
  integrity sha1-E7BM2z5sXRnfkatph6hpVhmwqnE=

is-nan@^1.3.0:
  version "1.3.0"
  resolved "https://registry.npm.taobao.org/is-nan/download/is-nan-1.3.0.tgz#85d1f5482f7051c2019f5673ccebdb06f3b0db03"
  integrity sha1-hdH1SC9wUcIBn1ZzzOvbBvOw2wM=
  dependencies:
    define-properties "^1.1.3"

js-yaml@^3.14.0:
  version "3.14.0"
  resolved "https://registry.npm.taobao.org/js-yaml/download/js-yaml-3.14.0.tgz?cache=0&sync_timestamp=1590172122543&other_urls=https%3A%2F%2Fregistry.npm.taobao.org%2Fjs-yaml%2Fdownload%2Fjs-yaml-3.14.0.tgz#a7a34170f26a21bb162424d8adacb4113a69e482"
  integrity sha1-p6NBcPJqIbsWJCTYray0ETpp5II=
  dependencies:
    argparse "^1.0.7"
    esprima "^4.0.0"

json5@^2.1.1:
  version "2.1.3"
  resolved "https://registry.npm.taobao.org/json5/download/json5-2.1.3.tgz#c9b0f7fa9233bfe5807fe66fcf3a5617ed597d43"
  integrity sha1-ybD3+pIzv+WAf+ZvzzpWF+1ZfUM=
  dependencies:
    minimist "^1.2.5"

long-timeout@0.1.1:
  version "0.1.1"
  resolved "https://registry.npm.taobao.org/long-timeout/download/long-timeout-0.1.1.tgz#9721d788b47e0bcb5a24c2e2bee1a0da55dab514"
  integrity sha1-lyHXiLR+C8taJMLivuGg2lXatRQ=

minimist@^1.2.5:
  version "1.2.5"
  resolved "https://registry.npm.taobao.org/minimist/download/minimist-1.2.5.tgz#67d66014b66a6a8aaa0c083c5fd58df4e4e97602"
  integrity sha1-Z9ZgFLZqaoqqDAg8X9WN9OTpdgI=

moment-timezone@^0.5.31:
  version "0.5.31"
  resolved "https://registry.npm.taobao.org/moment-timezone/download/moment-timezone-0.5.31.tgz#9c40d8c5026f0c7ab46eda3d63e49c155148de05"
  integrity sha1-nEDYxQJvDHq0bto9Y+ScFVFI3gU=
  dependencies:
    moment ">= 2.9.0"

"moment@>= 2.9.0", moment@^2.27.0:
  version "2.27.0"
  resolved "https://registry.npm.taobao.org/moment/download/moment-2.27.0.tgz?cache=0&sync_timestamp=1592517925956&other_urls=https%3A%2F%2Fregistry.npm.taobao.org%2Fmoment%2Fdownload%2Fmoment-2.27.0.tgz#8bff4e3e26a236220dfe3e36de756b6ebaa0105d"
  integrity sha1-i/9OPiaiNiIN/j423nVrbrqgEF0=

node-schedule@^1.3.2:
  version "1.3.2"
  resolved "https://registry.npm.taobao.org/node-schedule/download/node-schedule-1.3.2.tgz#d774b383e2a6f6ade59eecc62254aea07cd758cb"
  integrity sha1-13Szg+Km9q3lnuzGIlSuoHzXWMs=
  dependencies:
    cron-parser "^2.7.3"
    long-timeout "0.1.1"
    sorted-array-functions "^1.0.0"

object-keys@^1.0.12:
  version "1.1.1"
  resolved "https://registry.npm.taobao.org/object-keys/download/object-keys-1.1.1.tgz#1c47f272df277f3b1daf061677d9c82e2322c60e"
  integrity sha1-HEfyct8nfzsdrwYWd9nILiMixg4=

sorted-array-functions@^1.0.0:
  version "1.2.0"
  resolved "https://registry.npm.taobao.org/sorted-array-functions/download/sorted-array-functions-1.2.0.tgz#43265b21d6e985b7df31621b1c11cc68d8efc7c3"
  integrity sha1-QyZbIdbphbffMWIbHBHMaNjvx8M=

sprintf-js@~1.0.2:
  version "1.0.3"
  resolved "https://registry.npm.taobao.org/sprintf-js/download/sprintf-js-1.0.3.tgz#04e6926f662895354f3dd015203633b857297e2c"
  integrity sha1-BOaSb2YolTVPPdAVIDYzuFcpfiw=
